
Microsoft Visual Studio Solution File, Format Version 12.00
# Visual Studio Version 16
VisualStudioVersion = 16.0.31005.135
MinimumVisualStudioVersion = 10.0.40219.1
Project("{FAE04EC0-301F-11D3-BF4B-00C04F79EFBC}") = "EmployeeManagementXamarinFormsApp.UWP", "EmployeeManagementXamarinFormsApp.UWP\EmployeeManagementXamarinFormsApp.UWP.csproj", "{6ADAF3DE-5439-460B-9B5F-D4B94F6D75D6}"
EndProject
Project("{FAE04EC0-301F-11D3-BF4B-00C04F79EFBC}") = "EmployeeManagementXamarinFormsApp.Android", "EmployeeManagementXamarinFormsApp.Android\EmployeeManagementXamarinFormsApp.Android.csproj", "{FA73A859-C617-458A-B830-219D08D3DE7D}"
EndProject
Project("{FAE04EC0-301F-11D3-BF4B-00C04F79EFBC}") = "EmployeeManagementXamarinFormsApp.iOS", "EmployeeManagementXamarinFormsApp.iOS\EmployeeManagementXamarinFormsApp.iOS.csproj", "{793147D6-80DD-4C31-BC9E-18B076275221}"
EndProject
Project("{FAE04EC0-301F-11D3-BF4B-00C04F79EFBC}") = "EmployeeManagementXamarinFormsApp", "EmployeeManagementXamarinFormsApp\EmployeeManagementXamarinFormsApp.csproj", "{F9F9C322-EB75-4F58-B754-F4DA684ADB90}"
EndProject
Global
	GlobalSection(SolutionConfigurationPlatforms) = preSolution
		Debug|Any CPU = Debug|Any CPU
		Debug|ARM = Debug|ARM
		Debug|iPhone = Debug|iPhone
		Debug|iPhoneSimulator = Debug|iPhoneSimulator
		Debug|x64 = Debug|x64
		Debug|x86 = Debug|x86
		Release|Any CPU = Release|Any CPU
		Release|ARM = Release|ARM
		Release|iPhone = Release|iPhone
		Release|iPhoneSimulator = Release|iPhoneSimulator
		Release|x64 = Release|x64
		Release|x86 = Release|x86
	EndGlobalSection
	GlobalSection(ProjectConfigurationPlatforms) = postSolution
		{6ADAF3DE-5439-460B-9B5F-D4B94F6D75D6}.Debug|Any CPU.ActiveCfg = Debug|x86
		{6ADAF3DE-5439-460B-9B5F-D4B94F6D75D6}.Debug|Any CPU.Build.0 = Debug|x86
		{6ADAF3DE-5439-460B-9B5F-D4B94F6D75D6}.Debug|Any CPU.Deploy.0 = Debug|x86
		{6ADAF3DE-5439-460B-9B5F-D4B94F6D75D6}.Debug|ARM.ActiveCfg = Debug|ARM
		{6ADAF3DE-5439-460B-9B5F-D4B94F6D75D6}.Debug|ARM.Build.0 = Debug|ARM
		{6ADAF3DE-5439-460B-9B5F-D4B94F6D75D6}.Debug|ARM.Deploy.0 = Debug|ARM
		{6ADAF3DE-5439-460B-9B5F-D4B94F6D75D6}.Debug|iPhone.ActiveCfg = Debug|x86
		{6ADAF3DE-5439-460B-9B5F-D4B94F6D75D6}.Debug|iPhone.Build.0 = Debug|x86
		{6ADAF3DE-5439-460B-9B5F-D4B94F6D75D6}.Debug|iPhone.Deploy.0 = Debug|x86
		{6ADAF3DE-5439-460B-9B5F-D4B94F6D75D6}.Debug|iPhoneSimulator.ActiveCfg = Debug|x86
		{6ADAF3DE-5439-460B-9B5F-D4B94F6D75D6}.Debug|iPhoneSimulator.Build.0 = Debug|x86
		{6ADAF3DE-5439-460B-9B5F-D4B94F6D75D6}.Debug|iPhoneSimulator.Deploy.0 = Debug|x86
		{6ADAF3DE-5439-460B-9B5F-D4B94F6D75D6}.Debug|x64.ActiveCfg = Debug|x64
		{6ADAF3DE-5439-460B-9B5F-D4B94F6D75D6}.Debug|x64.Build.0 = Debug|x64
		{6ADAF3DE-5439-460B-9B5F-D4B94F6D75D6}.Debug|x64.Deploy.0 = Debug|x64
		{6ADAF3DE-5439-460B-9B5F-D4B94F6D75D6}.Debug|x86.ActiveCfg = Debug|x86
		{6ADAF3DE-5439-460B-9B5F-D4B94F6D75D6}.Debug|x86.Build.0 = Debug|x86
		{6ADAF3DE-5439-460B-9B5F-D4B94F6D75D6}.Debug|x86.Deploy.0 = Debug|x86
		{6ADAF3DE-5439-460B-9B5F-D4B94F6D75D6}.Release|Any CPU.ActiveCfg = Release|x86
		{6ADAF3DE-5439-460B-9B5F-D4B94F6D75D6}.Release|Any CPU.Build.0 = Release|x86
		{6ADAF3DE-5439-460B-9B5F-D4B94F6D75D6}.Release|Any CPU.Deploy.0 = Release|x86
		{6ADAF3DE-5439-460B-9B5F-D4B94F6D75D6}.Release|ARM.ActiveCfg = Release|ARM
		{6ADAF3DE-5439-460B-9B5F-D4B94F6D75D6}.Release|ARM.Build.0 = Release|ARM
		{6ADAF3DE-5439-460B-9B5F-D4B94F6D75D6}.Release|ARM.Deploy.0 = Release|ARM
		{6ADAF3DE-5439-460B-9B5F-D4B94F6D75D6}.Release|iPhone.ActiveCfg = Release|x86
		{6ADAF3DE-5439-460B-9B5F-D4B94F6D75D6}.Release|iPhone.Build.0 = Release|x86
		{6ADAF3DE-5439-460B-9B5F-D4B94F6D75D6}.Release|iPhone.Deploy.0 = Release|x86
		{6ADAF3DE-5439-460B-9B5F-D4B94F6D75D6}.Release|iPhoneSimulator.ActiveCfg = Release|x86
		{6ADAF3DE-5439-460B-9B5F-D4B94F6D75D6}.Release|iPhoneSimulator.Build.0 = Release|x86
		{6ADAF3DE-5439-460B-9B5F-D4B94F6D75D6}.Release|iPhoneSimulator.Deploy.0 = Release|x86
		{6ADAF3DE-5439-460B-9B5F-D4B94F6D75D6}.Release|x64.ActiveCfg = Release|x64
		{6ADAF3DE-5439-460B-9B5F-D4B94F6D75D6}.Release|x64.Build.0 = Release|x64
		{6ADAF3DE-5439-460B-9B5F-D4B94F6D75D6}.Release|x64.Deploy.0 = Release|x64
		{6ADAF3DE-5439-460B-9B5F-D4B94F6D75D6}.Release|x86.ActiveCfg = Release|x86
		{6ADAF3DE-5439-460B-9B5F-D4B94F6D75D6}.Release|x86.Build.0 = Release|x86
		{6ADAF3DE-5439-460B-9B5F-D4B94F6D75D6}.Release|x86.Deploy.0 = Release|x86
		{FA73A859-C617-458A-B830-219D08D3DE7D}.Debug|Any CPU.ActiveCfg = Debug|Any CPU
		{FA73A859-C617-458A-B830-219D08D3DE7D}.Debug|Any CPU.Build.0 = Debug|Any CPU
		{FA73A859-C617-458A-B830-219D08D3DE7D}.Debug|Any CPU.Deploy.0 = Debug|Any CPU
		{FA73A859-C617-458A-B830-219D08D3DE7D}.Debug|ARM.ActiveCfg = Debug|Any CPU
		{FA73A859-C617-458A-B830-219D08D3DE7D}.Debug|ARM.Build.0 = Debug|Any CPU
		{FA73A859-C617-458A-B830-219D08D3DE7D}.Debug|ARM.Deploy.0 = Debug|Any CPU
		{FA73A859-C617-458A-B830-219D08D3DE7D}.Debug|iPhone.ActiveCfg = Debug|Any CPU
		{FA73A859-C617-458A-B830-219D08D3DE7D}.Debug|iPhone.Build.0 = Debug|Any CPU
		{FA73A859-C617-458A-B830-219D08D3DE7D}.Debug|iPhone.Deploy.0 = Debug|Any CPU
		{FA73A859-C617-458A-B830-219D08D3DE7D}.Debug|iPhoneSimulator.ActiveCfg = Debug|Any CPU
		{FA73A859-C617-458A-B830-219D08D3DE7D}.Debug|iPhoneSimulator.Build.0 = Debug|Any CPU
		{FA73A859-C617-458A-B830-219D08D3DE7D}.Debug|iPhoneSimulator.Deploy.0 = Debug|Any CPU
		{FA73A859-C617-458A-B830-219D08D3DE7D}.Debug|x64.ActiveCfg = Debug|Any CPU
		{FA73A859-C617-458A-B830-219D08D3DE7D}.Debug|x64.Build.0 = Debug|Any CPU
		{FA73A859-C617-458A-B830-219D08D3DE7D}.Debug|x64.Deploy.0 = Debug|Any CPU
		{FA73A859-C617-458A-B830-219D08D3DE7D}.Debug|x86.ActiveCfg = Debug|Any CPU
		{FA73A859-C617-458A-B830-219D08D3DE7D}.Debug|x86.Build.0 = Debug|Any CPU
		{FA73A859-C617-458A-B830-219D08D3DE7D}.Debug|x86.Deploy.0 = Debug|Any CPU
		{FA73A859-C617-458A-B830-219D08D3DE7D}.Release|Any CPU.ActiveCfg = Release|Any CPU
		{FA73A859-C617-458A-B830-219D08D3DE7D}.Release|Any CPU.Build.0 = Release|Any CPU
		{FA73A859-C617-458A-B830-219D08D3DE7D}.Release|Any CPU.Deploy.0 = Release|Any CPU
		{FA73A859-C617-458A-B830-219D08D3DE7D}.Release|ARM.ActiveCfg = Release|Any CPU
		{FA73A859-C617-458A-B830-219D08D3DE7D}.Release|ARM.Build.0 = Release|Any CPU
		{FA73A859-C617-458A-B830-219D08D3DE7D}.Release|ARM.Deploy.0 = Release|Any CPU
		{FA73A859-C617-458A-B830-219D08D3DE7D}.Release|iPhone.ActiveCfg = Release|Any CPU
		{FA73A859-C617-458A-B830-219D08D3DE7D}.Release|iPhone.Build.0 = Release|Any CPU
		{FA73A859-C617-458A-B830-219D08D3DE7D}.Release|iPhone.Deploy.0 = Release|Any CPU
		{FA73A859-C617-458A-B830-219D08D3DE7D}.Release|iPhoneSimulator.ActiveCfg = Release|Any CPU
		{FA73A859-C617-458A-B830-219D08D3DE7D}.Release|iPhoneSimulator.Build.0 = Release|Any CPU
		{FA73A859-C617-458A-B830-219D08D3DE7D}.Release|iPhoneSimulator.Deploy.0 = Release|Any CPU
		{FA73A859-C617-458A-B830-219D08D3DE7D}.Release|x64.ActiveCfg = Release|Any CPU
		{FA73A859-C617-458A-B830-219D08D3DE7D}.Release|x64.Build.0 = Release|Any CPU
		{FA73A859-C617-458A-B830-219D08D3DE7D}.Release|x64.Deploy.0 = Release|Any CPU
		{FA73A859-C617-458A-B830-219D08D3DE7D}.Release|x86.ActiveCfg = Release|Any CPU
		{FA73A859-C617-458A-B830-219D08D3DE7D}.Release|x86.Build.0 = Release|Any CPU
		{FA73A859-C617-458A-B830-219D08D3DE7D}.Release|x86.Deploy.0 = Release|Any CPU
		{793147D6-80DD-4C31-BC9E-18B076275221}.Debug|Any CPU.ActiveCfg = Debug|iPhoneSimulator
		{793147D6-80DD-4C31-BC9E-18B076275221}.Debug|Any CPU.Build.0 = Debug|iPhoneSimulator
		{793147D6-80DD-4C31-BC9E-18B076275221}.Debug|Any CPU.Deploy.0 = Debug|iPhoneSimulator
		{793147D6-80DD-4C31-BC9E-18B076275221}.Debug|ARM.ActiveCfg = Debug|iPhone
		{793147D6-80DD-4C31-BC9E-18B076275221}.Debug|ARM.Build.0 = Debug|iPhone
		{793147D6-80DD-4C31-BC9E-18B076275221}.Debug|ARM.Deploy.0 = Debug|iPhone
		{793147D6-80DD-4C31-BC9E-18B076275221}.Debug|iPhone.ActiveCfg = Debug|iPhone
		{793147D6-80DD-4C31-BC9E-18B076275221}.Debug|iPhone.Build.0 = Debug|iPhone
		{793147D6-80DD-4C31-BC9E-18B076275221}.Debug|iPhone.Deploy.0 = Debug|iPhone
		{793147D6-80DD-4C31-BC9E-18B076275221}.Debug|iPhoneSimulator.ActiveCfg = Debug|iPhoneSimulator
		{793147D6-80DD-4C31-BC9E-18B076275221}.Debug|iPhoneSimulator.Build.0 = Debug|iPhoneSimulator
		{793147D6-80DD-4C31-BC9E-18B076275221}.Debug|iPhoneSimulator.Deploy.0 = Debug|iPhoneSimulator
		{793147D6-80DD-4C31-BC9E-18B076275221}.Debug|x64.ActiveCfg = Debug|iPhoneSimulator
		{793147D6-80DD-4C31-BC9E-18B076275221}.Debug|x64.Build.0 = Debug|iPhoneSimulator
		{793147D6-80DD-4C31-BC9E-18B076275221}.Debug|x64.Deploy.0 = Debug|iPhoneSimulator
		{793147D6-80DD-4C31-BC9E-18B076275221}.Debug|x86.ActiveCfg = Debug|iPhoneSimulator
		{793147D6-80DD-4C31-BC9E-18B076275221}.Debug|x86.Build.0 = Debug|iPhoneSimulator
		{793147D6-80DD-4C31-BC9E-18B076275221}.Debug|x86.Deploy.0 = Debug|iPhoneSimulator
		{793147D6-80DD-4C31-BC9E-18B076275221}.Release|Any CPU.ActiveCfg = Release|iPhoneSimulator
		{793147D6-80DD-4C31-BC9E-18B076275221}.Release|Any CPU.Build.0 = Release|iPhoneSimulator
		{793147D6-80DD-4C31-BC9E-18B076275221}.Release|Any CPU.Deploy.0 = Release|iPhoneSimulator
		{793147D6-80DD-4C31-BC9E-18B076275221}.Release|ARM.ActiveCfg = Release|iPhoneSimulator
		{793147D6-80DD-4C31-BC9E-18B076275221}.Release|ARM.Build.0 = Release|iPhoneSimulator
		{793147D6-80DD-4C31-BC9E-18B076275221}.Release|ARM.Deploy.0 = Release|iPhoneSimulator
		{793147D6-80DD-4C31-BC9E-18B076275221}.Release|iPhone.ActiveCfg = Release|iPhone
		{793147D6-80DD-4C31-BC9E-18B076275221}.Release|iPhone.Build.0 = Release|iPhone
		{793147D6-80DD-4C31-BC9E-18B076275221}.Release|iPhone.Deploy.0 = Release|iPhone
		{793147D6-80DD-4C31-BC9E-18B076275221}.Release|iPhoneSimulator.ActiveCfg = Release|iPhoneSimulator
		{793147D6-80DD-4C31-BC9E-18B076275221}.Release|iPhoneSimulator.Build.0 = Release|iPhoneSimulator
		{793147D6-80DD-4C31-BC9E-18B076275221}.Release|iPhoneSimulator.Deploy.0 = Release|iPhoneSimulator
		{793147D6-80DD-4C31-BC9E-18B076275221}.Release|x64.ActiveCfg = Release|iPhoneSimulator
		{793147D6-80DD-4C31-BC9E-18B076275221}.Release|x64.Build.0 = Release|iPhoneSimulator
		{793147D6-80DD-4C31-BC9E-18B076275221}.Release|x64.Deploy.0 = Release|iPhoneSimulator
		{793147D6-80DD-4C31-BC9E-18B076275221}.Release|x86.ActiveCfg = Release|iPhoneSimulator
		{793147D6-80DD-4C31-BC9E-18B076275221}.Release|x86.Build.0 = Release|iPhoneSimulator
		{793147D6-80DD-4C31-BC9E-18B076275221}.Release|x86.Deploy.0 = Release|iPhoneSimulator
		{F9F9C322-EB75-4F58-B754-F4DA684ADB90}.Debug|Any CPU.ActiveCfg = Debug|Any CPU
		{F9F9C322-EB75-4F58-B754-F4DA684ADB90}.Debug|Any CPU.Build.0 = Debug|Any CPU
		{F9F9C322-EB75-4F58-B754-F4DA684ADB90}.Debug|Any CPU.Deploy.0 = Debug|Any CPU
		{F9F9C322-EB75-4F58-B754-F4DA684ADB90}.Debug|ARM.ActiveCfg = Debug|Any CPU
		{F9F9C322-EB75-4F58-B754-F4DA684ADB90}.Debug|ARM.Build.0 = Debug|Any CPU
		{F9F9C322-EB75-4F58-B754-F4DA684ADB90}.Debug|ARM.Deploy.0 = Debug|Any CPU
		{F9F9C322-EB75-4F58-B754-F4DA684ADB90}.Debug|iPhone.ActiveCfg = Debug|Any CPU
		{F9F9C322-EB75-4F58-B754-F4DA684ADB90}.Debug|iPhone.Build.0 = Debug|Any CPU
		{F9F9C322-EB75-4F58-B754-F4DA684ADB90}.Debug|iPhone.Deploy.0 = Debug|Any CPU
		{F9F9C322-EB75-4F58-B754-F4DA684ADB90}.Debug|iPhoneSimulator.ActiveCfg = Debug|Any CPU
		{F9F9C322-EB75-4F58-B754-F4DA684ADB90}.Debug|iPhoneSimulator.Build.0 = Debug|Any CPU
		{F9F9C322-EB75-4F58-B754-F4DA684ADB90}.Debug|iPhoneSimulator.Deploy.0 = Debug|Any CPU
		{F9F9C322-EB75-4F58-B754-F4DA684ADB90}.Debug|x64.ActiveCfg = Debug|Any CPU
		{F9F9C322-EB75-4F58-B754-F4DA684ADB90}.Debug|x64.Build.0 = Debug|Any CPU
		{F9F9C322-EB75-4F58-B754-F4DA684ADB90}.Debug|x64.Deploy.0 = Debug|Any CPU
		{F9F9C322-EB75-4F58-B754-F4DA684ADB90}.Debug|x86.ActiveCfg = Debug|Any CPU
		{F9F9C322-EB75-4F58-B754-F4DA684ADB90}.Debug|x86.Build.0 = Debug|Any CPU
		{F9F9C322-EB75-4F58-B754-F4DA684ADB90}.Debug|x86.Deploy.0 = Debug|Any CPU
		{F9F9C322-EB75-4F58-B754-F4DA684ADB90}.Release|Any CPU.ActiveCfg = Release|Any CPU
		{F9F9C322-EB75-4F58-B754-F4DA684ADB90}.Release|Any CPU.Build.0 = Release|Any CPU
		{F9F9C322-EB75-4F58-B754-F4DA684ADB90}.Release|Any CPU.Deploy.0 = Release|Any CPU
		{F9F9C322-EB75-4F58-B754-F4DA684ADB90}.Release|ARM.ActiveCfg = Release|Any CPU
		{F9F9C322-EB75-4F58-B754-F4DA684ADB90}.Release|ARM.Build.0 = Release|Any CPU
		{F9F9C322-EB75-4F58-B754-F4DA684ADB90}.Release|ARM.Deploy.0 = Release|Any CPU
		{F9F9C322-EB75-4F58-B754-F4DA684ADB90}.Release|iPhone.ActiveCfg = Release|Any CPU
		{F9F9C322-EB75-4F58-B754-F4DA684ADB90}.Release|iPhone.Build.0 = Release|Any CPU
		{F9F9C322-EB75-4F58-B754-F4DA684ADB90}.Release|iPhone.Deploy.0 = Release|Any CPU
		{F9F9C322-EB75-4F58-B754-F4DA684ADB90}.Release|iPhoneSimulator.ActiveCfg = Release|Any CPU
		{F9F9C322-EB75-4F58-B754-F4DA684ADB90}.Release|iPhoneSimulator.Build.0 = Release|Any CPU
		{F9F9C322-EB75-4F58-B754-F4DA684ADB90}.Release|iPhoneSimulator.Deploy.0 = Release|Any CPU
		{F9F9C322-EB75-4F58-B754-F4DA684ADB90}.Release|x64.ActiveCfg = Release|Any CPU
		{F9F9C322-EB75-4F58-B754-F4DA684ADB90}.Release|x64.Build.0 = Release|Any CPU
		{F9F9C322-EB75-4F58-B754-F4DA684ADB90}.Release|x64.Deploy.0 = Release|Any CPU
		{F9F9C322-EB75-4F58-B754-F4DA684ADB90}.Release|x86.ActiveCfg = Release|Any CPU
		{F9F9C322-EB75-4F58-B754-F4DA684ADB90}.Release|x86.Build.0 = Release|Any CPU
		{F9F9C322-EB75-4F58-B754-F4DA684ADB90}.Release|x86.Deploy.0 = Release|Any CPU
	EndGlobalSection
	GlobalSection(SolutionProperties) = preSolution
		HideSolutionNode = FALSE
	EndGlobalSection
	GlobalSection(ExtensibilityGlobals) = postSolution
		SolutionGuid = {210E579B-5143-4955-8793-48DC203ACA78}
	EndGlobalSection
EndGlobal
